Microsoft Visual Studio Solution File, Format Version 12.00
# Visual Studio Version 17
VisualStudioVersion = 17.5.2.0
MinimumVisualStudioVersion = 10.0.40219.1
Project("{FAE04EC0-301F-11D3-BF4B-00C04F79EFBC}") = "Evento", "Evento.csproj", "{BA237B95-2686-6ADF-B775-6D4E39374126}"
EndProject
Global
	GlobalSection(SolutionConfigurationPlatforms) = preSolution
		Debug|Any CPU = Debug|Any CPU
		Release|Any CPU = Release|Any CPU
	EndGlobalSection
	GlobalSection(ProjectConfigurationPlatforms) = postSolution
		{BA237B95-2686-6ADF-B775-6D4E39374126}.Debug|Any CPU.ActiveCfg = Debug|Any CPU
		{BA237B95-2686-6ADF-B775-6D4E39374126}.Debug|Any CPU.Build.0 = Debug|Any CPU
		{BA237B95-2686-6ADF-B775-6D4E39374126}.Release|Any CPU.ActiveCfg = Release|Any CPU
		{BA237B95-2686-6ADF-B775-6D4E39374126}.Release|Any CPU.Build.0 = Release|Any CPU
	EndGlobalSection
	GlobalSection(SolutionProperties) = preSolution
		HideSolutionNode = FALSE
	EndGlobalSection
	GlobalSection(ExtensibilityGlobals) = postSolution
		SolutionGuid = {FA19DE5A-B8B7-4C2D-8B39-3BB27AA860E5}
	EndGlobalSection
EndGlobal
